
Microsoft Visual Studio Solution File, Format Version 12.00
# Visual Studio Version 17
VisualStudioVersion = 17.0.31919.166
MinimumVisualStudioVersion = 10.0.40219.1
Project("{FAE04EC0-301F-11D3-BF4B-00C04F79EFBC}") = "__Polimorf__2__", "__Polimorf__2__\__Polimorf__2__.csproj", "{7729E151-F753-45F0-BE47-DCDE1604BA42}"
EndProject
Global
	GlobalSection(SolutionConfigurationPlatforms) = preSolution
		Debug|Any CPU = Debug|Any CPU
		Release|Any CPU = Release|Any CPU
	EndGlobalSection
	GlobalSection(ProjectConfigurationPlatforms) = postSolution
		{7729E151-F753-45F0-BE47-DCDE1604BA42}.Debug|Any CPU.ActiveCfg = Debug|Any CPU
		{7729E151-F753-45F0-BE47-DCDE1604BA42}.Debug|Any CPU.Build.0 = Debug|Any CPU
		{7729E151-F753-45F0-BE47-DCDE1604BA42}.Release|Any CPU.ActiveCfg = Release|Any CPU
		{7729E151-F753-45F0-BE47-DCDE1604BA42}.Release|Any CPU.Build.0 = Release|Any CPU
	EndGlobalSection
	GlobalSection(SolutionProperties) = preSolution
		HideSolutionNode = FALSE
	EndGlobalSection
	GlobalSection(ExtensibilityGlobals) = postSolution
		SolutionGuid = {58B6FACD-544A-4381-8DC4-7EE386DAD2AF}
	EndGlobalSection
EndGlobal
